
Microsoft Visual Studio Solution File, Format Version 12.00
Project("{FAE04EC0-301F-11D3-BF4B-00C04F79EFBC}") = "JogoDaForca", "JogoDaForca.csproj", "{7F1749F4-1689-4499-AC26-72FDC8F2F8F9}"
EndProject
Global
	GlobalSection(SolutionConfigurationPlatforms) = preSolution
		Debug|Any CPU = Debug|Any CPU
		Release|Any CPU = Release|Any CPU
	EndGlobalSection
	GlobalSection(ProjectConfigurationPlatforms) = postSolution
		{7F1749F4-1689-4499-AC26-72FDC8F2F8F9}.Debug|Any CPU.ActiveCfg = Debug|Any CPU
		{7F1749F4-1689-4499-AC26-72FDC8F2F8F9}.Debug|Any CPU.Build.0 = Debug|Any CPU
		{7F1749F4-1689-4499-AC26-72FDC8F2F8F9}.Release|Any CPU.ActiveCfg = Release|Any CPU
		{7F1749F4-1689-4499-AC26-72FDC8F2F8F9}.Release|Any CPU.Build.0 = Release|Any CPU
	EndGlobalSection
EndGlobal
